{
  "nodes": {
    "home-manager": {
      "inputs": {
        "nixpkgs": [
          "nixpkgs"
        ]
      },
      "locked": {
        "lastModified": 1734622215,
        "narHash": "sha256-OOfI0XhSJGHblfdNDhfnn8QnZxng63rWk9eeJ2tCbiI=",
        "owner": "nix-community",
        "repo": "home-manager",
        "rev": "1395379a7a36e40f2a76e7b9936cc52950baa1be",
        "type": "github"
      },
      "original": {
        "owner": "nix-community",
        "repo": "home-manager",
        "type": "github"
      }
    },
    "nixpkgs": {
      "locked": {
        "lastModified": 1734424634,
        "narHash": "sha256-cHar1vqHOOyC7f1+tVycPoWTfKIaqkoe1Q6TnKzuti4=",
        "owner": "nixos",
        "repo": "nixpkgs",
        "rev": "d3c42f187194c26d9f0309a8ecc469d6c878ce33",
        "type": "github"
      },
      "original": {
        "owner": "nixos",
        "ref": "nixos-unstable",
        "repo": "nixpkgs",
        "type": "github"
      }
    },
    "root": {
      "inputs": {
        "home-manager": "home-manager",
        "nixpkgs": "nixpkgs",
        "zen-browser": "zen-browser"
      }
    },
    "zen-browser": {
      "inputs": {
        "nixpkgs": [
          "nixpkgs"
        ],
        "zen-browser-aarch64": "zen-browser-aarch64",
        "zen-browser-generic": "zen-browser-generic",
        "zen-browser-specific": "zen-browser-specific"
      },
      "locked": {
        "lastModified": 1734667644,
        "narHash": "sha256-vluyzRt6RikEn78Yk0t7Qd96iZZfyRBt4+ESI0mtlhk=",
        "owner": "youwen5",
        "repo": "zen-browser-flake",
        "rev": "8c8af380bf45b42ae14b2f6d5252be3627332f23",
        "type": "github"
      },
      "original": {
        "owner": "youwen5",
        "repo": "zen-browser-flake",
        "type": "github"
      }
    },
    "zen-browser-aarch64": {
      "flake": false,
      "locked": {
        "lastModified": 1734641206,
        "narHash": "sha256-F5FwGqAgL4kfEy5rNWvofRQl8SH0udQvEIMhysRMDgs=",
        "type": "tarball",
        "url": "https://github.com/zen-browser/desktop/releases/download/1.0.2-b.3/zen.linux-aarch64.tar.bz2"
      },
      "original": {
        "type": "tarball",
        "url": "https://github.com/zen-browser/desktop/releases/download/1.0.2-b.3/zen.linux-aarch64.tar.bz2"
      }
    },
    "zen-browser-generic": {
      "flake": false,
      "locked": {
        "lastModified": 1734646830,
        "narHash": "sha256-slIWuEWSV9PK1JTr6UKKC+VP4oLNaczwkxkYiqcjZM8=",
        "type": "tarball",
        "url": "https://github.com/zen-browser/desktop/releases/download/1.0.2-b.3/zen.linux-generic.tar.bz2"
      },
      "original": {
        "type": "tarball",
        "url": "https://github.com/zen-browser/desktop/releases/download/1.0.2-b.3/zen.linux-generic.tar.bz2"
      }
    },
    "zen-browser-specific": {
      "flake": false,
      "locked": {
        "lastModified": 1734645803,
        "narHash": "sha256-zAo93sHeB8cTW2JBAqxx0wo3CANcxCgjEcTQgbDeWT4=",
        "type": "tarball",
        "url": "https://github.com/zen-browser/desktop/releases/download/1.0.2-b.3/zen.linux-specific.tar.bz2"
      },
      "original": {
        "type": "tarball",
        "url": "https://github.com/zen-browser/desktop/releases/download/1.0.2-b.3/zen.linux-specific.tar.bz2"
      }
    }
  },
  "root": "root",
  "version": 7
}
